
Microsoft Visual Studio Solution File, Format Version 12.00
# Visual Studio Version 17
VisualStudioVersion = 17.4.33403.182
MinimumVisualStudioVersion = 10.0.40219.1
Project("{9A19103F-16F7-4668-BE54-9A1E7A4F7556}") = "Projekt101", "Projekt101\Projekt101.csproj", "{9E7E2BA2-AA95-4219-B578-DB8C6351F367}"
EndProject
Project("{9A19103F-16F7-4668-BE54-9A1E7A4F7556}") = "Contracts", "Contracts\Contracts.csproj", "{4E61B1FF-C734-43D0-89E9-3CF0B2FA4A36}"
EndProject
Project("{9A19103F-16F7-4668-BE54-9A1E7A4F7556}") = "Projekt150.Test", "Projekt150.Test\Projekt150.Test.csproj", "{A2D10281-D68F-4309-B7D1-5E0DD022008E}"
EndProject
Global
	GlobalSection(SolutionConfigurationPlatforms) = preSolution
		Debug|Any CPU = Debug|Any CPU
		Release|Any CPU = Release|Any CPU
	EndGlobalSection
	GlobalSection(ProjectConfigurationPlatforms) = postSolution
		{9E7E2BA2-AA95-4219-B578-DB8C6351F367}.Debug|Any CPU.ActiveCfg = Debug|Any CPU
		{9E7E2BA2-AA95-4219-B578-DB8C6351F367}.Debug|Any CPU.Build.0 = Debug|Any CPU
		{9E7E2BA2-AA95-4219-B578-DB8C6351F367}.Release|Any CPU.ActiveCfg = Release|Any CPU
		{9E7E2BA2-AA95-4219-B578-DB8C6351F367}.Release|Any CPU.Build.0 = Release|Any CPU
		{4E61B1FF-C734-43D0-89E9-3CF0B2FA4A36}.Debug|Any CPU.ActiveCfg = Debug|Any CPU
		{4E61B1FF-C734-43D0-89E9-3CF0B2FA4A36}.Debug|Any CPU.Build.0 = Debug|Any CPU
		{4E61B1FF-C734-43D0-89E9-3CF0B2FA4A36}.Release|Any CPU.ActiveCfg = Release|Any CPU
		{4E61B1FF-C734-43D0-89E9-3CF0B2FA4A36}.Release|Any CPU.Build.0 = Release|Any CPU
		{A2D10281-D68F-4309-B7D1-5E0DD022008E}.Debug|Any CPU.ActiveCfg = Debug|Any CPU
		{A2D10281-D68F-4309-B7D1-5E0DD022008E}.Debug|Any CPU.Build.0 = Debug|Any CPU
		{A2D10281-D68F-4309-B7D1-5E0DD022008E}.Release|Any CPU.ActiveCfg = Release|Any CPU
		{A2D10281-D68F-4309-B7D1-5E0DD022008E}.Release|Any CPU.Build.0 = Release|Any CPU
	EndGlobalSection
	GlobalSection(SolutionProperties) = preSolution
		HideSolutionNode = FALSE
	EndGlobalSection
	GlobalSection(ExtensibilityGlobals) = postSolution
		SolutionGuid = {58C5E208-4D2F-42C8-874C-008493B46DC3}
	EndGlobalSection
EndGlobal
