
Microsoft Visual Studio Solution File, Format Version 12.00
# Visual Studio Version 17
VisualStudioVersion = 17.4.33403.182
MinimumVisualStudioVersion = 10.0.40219.1
Project("{9A19103F-16F7-4668-BE54-9A1E7A4F7556}") = "Projekt101", "Projekt101\Projekt101.csproj", "{9E7E2BA2-AA95-4219-B578-DB8C6351F367}"
EndProject
Project("{9A19103F-16F7-4668-BE54-9A1E7A4F7556}") = "Projekt102", "Projekt102\Projekt102.csproj", "{71C35584-0189-4690-87D1-154564982EFC}"
EndProject
Project("{9A19103F-16F7-4668-BE54-9A1E7A4F7556}") = "Projekt102.Test", "Projekt102.Test\Projekt102.Test.csproj", "{650C9DC4-6BDB-4747-8708-C0FCFCB6A28A}"
EndProject
Project("{9A19103F-16F7-4668-BE54-9A1E7A4F7556}") = "Projekt201", "Projekt201\Projekt201.csproj", "{6E6C9A31-24A5-424D-A11F-79902081EAD4}"
EndProject
Project("{9A19103F-16F7-4668-BE54-9A1E7A4F7556}") = "Contracts", "Contracts\Contracts.csproj", "{4E61B1FF-C734-43D0-89E9-3CF0B2FA4A36}"
EndProject
Project("{9A19103F-16F7-4668-BE54-9A1E7A4F7556}") = "Projekt301", "Projekt301\Projekt301.csproj", "{209D741C-C260-4F90-A4E3-24AD6F0BF5AA}"
EndProject
Project("{9A19103F-16F7-4668-BE54-9A1E7A4F7556}") = "Projekt401", "Projekt401\Projekt401.csproj", "{5324A008-78F1-47BD-88E4-EC31D0153821}"
EndProject
Project("{9A19103F-16F7-4668-BE54-9A1E7A4F7556}") = "Projekt501", "Projekt501\Projekt501.csproj", "{9408D43A-EC3F-42E9-8E2D-2FB56E08D35E}"
EndProject
Project("{9A19103F-16F7-4668-BE54-9A1E7A4F7556}") = "Projekt103", "Projekt103\Projekt103.csproj", "{89A3BE5D-F09F-4963-84E1-CC35F1A8A6E5}"
EndProject
Project("{9A19103F-16F7-4668-BE54-9A1E7A4F7556}") = "Projekt103.Test", "Projekt103.Test\Projekt103.Test.csproj", "{8892D447-B2D5-436E-81C8-D976DE548C03}"
EndProject
Project("{9A19103F-16F7-4668-BE54-9A1E7A4F7556}") = "Projekt104", "Projekt104\Projekt104.csproj", "{28428030-0F07-42B9-AD49-F2908F02FDD9}"
EndProject
Project("{9A19103F-16F7-4668-BE54-9A1E7A4F7556}") = "Projekt104.Test", "Projekt104.Test\Projekt104.Test.csproj", "{B304F086-645F-4165-8AC3-E2200328B283}"
EndProject
Project("{9A19103F-16F7-4668-BE54-9A1E7A4F7556}") = "Projekt105", "Projekt105\Projekt105.csproj", "{86AB24F3-796F-46C3-883C-52CC450BE400}"
EndProject
Project("{9A19103F-16F7-4668-BE54-9A1E7A4F7556}") = "Projekt105.Test", "Projekt105.Test\Projekt105.Test.csproj", "{9945EFB9-2F25-4647-9D1B-8210C8D70D14}"
EndProject
Project("{9A19103F-16F7-4668-BE54-9A1E7A4F7556}") = "Projekt106", "Projekt106\Projekt106.csproj", "{3312FED0-FB9C-41BC-AD3F-C8D73A8C99D3}"
EndProject
Project("{9A19103F-16F7-4668-BE54-9A1E7A4F7556}") = "Projekt106.Test", "Projekt106.Test\Projekt106.Test.csproj", "{FF8C8C6C-6DA8-444A-A525-A1CFBDCFA135}"
EndProject
Project("{9A19103F-16F7-4668-BE54-9A1E7A4F7556}") = "Projekt107", "Projekt107\Projekt107.csproj", "{570505DF-FFF8-48F9-91EB-F232B5C52D96}"
EndProject
Project("{9A19103F-16F7-4668-BE54-9A1E7A4F7556}") = "Projekt107.Test", "Projekt107.Test\Projekt107.Test.csproj", "{451375E8-278C-4CDE-AF40-863D6119803C}"
EndProject
Project("{9A19103F-16F7-4668-BE54-9A1E7A4F7556}") = "Projekt108", "Projekt108\Projekt108.csproj", "{E41025DE-2B2F-4C4D-9BDE-D99B19EB0A93}"
EndProject
Project("{9A19103F-16F7-4668-BE54-9A1E7A4F7556}") = "Projekt108.Test", "Projekt108.Test\Projekt108.Test.csproj", "{DBD55C58-8731-434D-9457-356A57F0F659}"
EndProject
Project("{9A19103F-16F7-4668-BE54-9A1E7A4F7556}") = "Projekt150.Test", "Projekt150.Test\Projekt150.Test.csproj", "{A2D10281-D68F-4309-B7D1-5E0DD022008E}"
EndProject
Project("{9A19103F-16F7-4668-BE54-9A1E7A4F7556}") = "Projekt110", "Projekt110\Projekt110.csproj", "{C9CB3341-D078-4CB7-B1AB-4C1B84307A3D}"
EndProject
Project("{9A19103F-16F7-4668-BE54-9A1E7A4F7556}") = "Projekt110.Test", "Projekt110.Test\Projekt110.Test.csproj", "{F65D137B-B3E3-49AD-A060-80160375628F}"
EndProject
Project("{9A19103F-16F7-4668-BE54-9A1E7A4F7556}") = "Projekt111", "Projekt111\Projekt111.csproj", "{81698519-7907-473C-B9C5-E792B6770BD7}"
EndProject
Project("{9A19103F-16F7-4668-BE54-9A1E7A4F7556}") = "Projekt111.Test", "Projekt111.Test\Projekt111.Test.csproj", "{DDC40CF6-D8BE-4AD3-81F5-06E6BAFDA5E1}"
EndProject
Project("{9A19103F-16F7-4668-BE54-9A1E7A4F7556}") = "Projekt120", "Projekt120\Projekt120.csproj", "{F0877D24-2379-4AD6-B2B7-7FD04B85ABFA}"
EndProject
Project("{9A19103F-16F7-4668-BE54-9A1E7A4F7556}") = "Projekt120.Test", "Projekt120.Test\Projekt120.Test.csproj", "{8B52CAB5-81A4-417A-A0CA-7407943C8483}"
EndProject
Project("{9A19103F-16F7-4668-BE54-9A1E7A4F7556}") = "Projekt510.Test", "Projekt510.Test\Projekt510.Test.csproj", "{10F14C39-4C4F-4BE1-AC15-977ACEA88096}"
EndProject
Project("{9A19103F-16F7-4668-BE54-9A1E7A4F7556}") = "Projekt511.Test", "Projekt511.Test\Projekt511.Test.csproj", "{8F58117C-A607-479A-A5C1-8C5F5E167675}"
EndProject
Project("{9A19103F-16F7-4668-BE54-9A1E7A4F7556}") = "Projekt510", "Projekt510\Projekt510.csproj", "{3E60B98A-069B-415E-9043-614259E6569E}"
EndProject
Project("{9A19103F-16F7-4668-BE54-9A1E7A4F7556}") = "Projekt511", "Projekt511\Projekt511.csproj", "{4576F0BD-88C1-4792-9354-0D14F1BD4771}"
EndProject
Project("{9A19103F-16F7-4668-BE54-9A1E7A4F7556}") = "Projekt109", "Projekt109\Projekt109.csproj", "{49AC05C2-7CB8-487A-89C4-BCF6D8771061}"
EndProject
Project("{9A19103F-16F7-4668-BE54-9A1E7A4F7556}") = "Projekt109.Test", "Projekt109.Test\Projekt109.Test.csproj", "{5384E4B2-2431-47DE-98B1-4C5A564DCC6C}"
EndProject
Project("{9A19103F-16F7-4668-BE54-9A1E7A4F7556}") = "Projekt112", "Projekt112\Projekt112.csproj", "{850E3231-DB48-42DF-9873-D75F09C5272A}"
EndProject
Project("{9A19103F-16F7-4668-BE54-9A1E7A4F7556}") = "Projekt112.Test", "Projekt112.Test\Projekt112.Test.csproj", "{D839B57E-3299-4FCA-BE12-A84B9C5AE452}"
EndProject
Project("{9A19103F-16F7-4668-BE54-9A1E7A4F7556}") = "Projekt130", "Projekt130\Projekt130.csproj", "{30081138-8606-4CB9-B038-D074802A5751}"
EndProject
Project("{9A19103F-16F7-4668-BE54-9A1E7A4F7556}") = "Projekt130.Test", "Projekt130.Test\Projekt130.Test.csproj", "{D5747D71-FFC7-45E9-975B-BF35F8EBF60D}"
EndProject
Project("{9A19103F-16F7-4668-BE54-9A1E7A4F7556}") = "Projekt113", "Projekt113\Projekt113.csproj", "{2EA65A6D-0F7B-4183-A141-86FDA30E7EC0}"
EndProject
Project("{9A19103F-16F7-4668-BE54-9A1E7A4F7556}") = "Projekt113.Test", "Projekt113.Test\Projekt113.Test.csproj", "{20FACEFE-CB65-44BC-ACB1-4DBEB85B9F6D}"
EndProject
Project("{9A19103F-16F7-4668-BE54-9A1E7A4F7556}") = "Projekt114", "Projekt114\Projekt114.csproj", "{126E41B2-EA6B-4E6E-82D4-09694CEC1BF2}"
EndProject
Project("{9A19103F-16F7-4668-BE54-9A1E7A4F7556}") = "Projekt114.Test", "Projekt114.Test\Projekt114.Test.csproj", "{9C57AC13-2AF0-450D-87FD-9E8896206F34}"
EndProject
Project("{9A19103F-16F7-4668-BE54-9A1E7A4F7556}") = "Projekt115", "Projekt115\Projekt115.csproj", "{BB0A7A4B-ABC2-4D2B-B891-64332ABA4D5E}"
EndProject
Project("{9A19103F-16F7-4668-BE54-9A1E7A4F7556}") = "Projekt115.Test", "Projekt115.Test\Projekt115.Test.csproj", "{209C607B-56DC-421F-A06D-13025FA6FB15}"
EndProject
Project("{9A19103F-16F7-4668-BE54-9A1E7A4F7556}") = "Projekt116", "Projekt116\Projekt116.csproj", "{6BACA6E9-FE12-426B-AEFA-013911E7B70F}"
EndProject
Project("{9A19103F-16F7-4668-BE54-9A1E7A4F7556}") = "Projekt116.Test", "Projekt116.Test\Projekt116.Test.csproj", "{3492BB4D-A68F-460C-B81C-288BDC76EF5E}"
EndProject
Project("{9A19103F-16F7-4668-BE54-9A1E7A4F7556}") = "Projekt117", "Projekt117\Projekt117.csproj", "{833BB626-E50B-458C-8B99-00B36AC40E82}"
EndProject
Project("{9A19103F-16F7-4668-BE54-9A1E7A4F7556}") = "Projekt117.Test", "Projekt117.Test\Projekt117.Test.csproj", "{658FFE5E-B5D4-47CB-ADAD-E3EB5311B643}"
EndProject
Project("{9A19103F-16F7-4668-BE54-9A1E7A4F7556}") = "Projekt512", "Projekt512\Projekt512.csproj", "{F2A8E053-8278-47AA-B0E3-319CD58B10D8}"
EndProject
Project("{9A19103F-16F7-4668-BE54-9A1E7A4F7556}") = "Projekt512.Test", "Projekt512.Test\Projekt512.Test.csproj", "{6A10DF10-CA47-445B-91F7-8B6A6342C8FC}"
EndProject
Project("{2150E333-8FDC-42A3-9474-1A3956D46DE8}") = "Shared", "Shared", "{A27F3A78-765A-4764-919B-F4866862CAA3}"
EndProject
Project("{2150E333-8FDC-42A3-9474-1A3956D46DE8}") = "Library", "Library", "{A9E4453D-63BA-4A1D-BF7C-BAD3D8B20F58}"
EndProject
Project("{2150E333-8FDC-42A3-9474-1A3956D46DE8}") = "Console", "Console", "{6ADDD4F8-2C2F-4C3B-B545-AF24B808189C}"
EndProject
Project("{2150E333-8FDC-42A3-9474-1A3956D46DE8}") = "WPF", "WPF", "{03FCF7E2-790B-4D00-AD32-7C81766ADA9A}"
EndProject
Project("{9A19103F-16F7-4668-BE54-9A1E7A4F7556}") = "Projekt118", "Projekt118\Projekt118.csproj", "{0800E242-8F10-40C3-8BFF-8132990D2D50}"
EndProject
Project("{9A19103F-16F7-4668-BE54-9A1E7A4F7556}") = "Projekt118.Test", "Projekt118.Test\Projekt118.Test.csproj", "{1596209B-BC35-4B62-8DB2-3B38DE993143}"
EndProject
Project("{9A19103F-16F7-4668-BE54-9A1E7A4F7556}") = "Projekt119", "Projekt119\Projekt119.csproj", "{66DCE4F1-97CE-4C63-88C8-2BA0CCD7B93C}"
EndProject
Project("{9A19103F-16F7-4668-BE54-9A1E7A4F7556}") = "Projekt119.Test", "Projekt119.Test\Projekt119.Test.csproj", "{18EA0D8F-939B-40DD-BEC4-44AE22AC96BE}"
EndProject
Project("{9A19103F-16F7-4668-BE54-9A1E7A4F7556}") = "Projekt121", "Projekt121\Projekt121.csproj", "{725E50EB-5EB9-4407-A1D5-B727DE74EF81}"
EndProject
Project("{9A19103F-16F7-4668-BE54-9A1E7A4F7556}") = "Projekt121.Test", "Projekt121.Test\Projekt121.Test.csproj", "{A2890F48-9275-4768-88EF-A18A1D0F92A4}"
EndProject
Project("{9A19103F-16F7-4668-BE54-9A1E7A4F7556}") = "Projekt122", "Projekt122\Projekt122.csproj", "{3974642D-5C99-4540-8C5E-7F5B5E2C2842}"
EndProject
Project("{9A19103F-16F7-4668-BE54-9A1E7A4F7556}") = "Projekt122.Test", "Projekt122.Test\Projekt122.Test.csproj", "{24620280-A93F-4D3B-A3E8-B4125D9D944F}"
EndProject
Project("{9A19103F-16F7-4668-BE54-9A1E7A4F7556}") = "Projekt123", "Projekt123\Projekt123.csproj", "{51AD5C6B-A616-4EC6-9C0A-DBCA4EFDB694}"
EndProject
Project("{9A19103F-16F7-4668-BE54-9A1E7A4F7556}") = "Projekt123.Test", "Projekt123.Test\Projekt123.Test.csproj", "{BC40DF3F-A36A-45F7-BA04-DC400CC2CD1A}"
EndProject
Project("{9A19103F-16F7-4668-BE54-9A1E7A4F7556}") = "Projekt520", "Projekt520\Projekt520.csproj", "{CA77DA98-28C3-456F-BFCD-93DD0C09DC13}"
EndProject
Project("{9A19103F-16F7-4668-BE54-9A1E7A4F7556}") = "Projekt521", "Projekt521\Projekt521.csproj", "{FAB98CC7-9A4E-48F4-89FB-936849782667}"
EndProject
Project("{9A19103F-16F7-4668-BE54-9A1E7A4F7556}") = "Projekt521.Test", "Projekt521.Test\Projekt521.Test.csproj", "{BACAB8DA-144B-4011-BA02-910445666F6A}"
EndProject
Project("{2150E333-8FDC-42A3-9474-1A3956D46DE8}") = "EntityFrameworkCore", "EntityFrameworkCore", "{F6ED0D1C-D88F-4CB8-97DD-CDC4A0CD4FAE}"
EndProject
Project("{9A19103F-16F7-4668-BE54-9A1E7A4F7556}") = "Projekt520.Test", "Projekt520.Test\Projekt520.Test.csproj", "{5F343C28-42BB-4FE8-AABA-FD2F165299BD}"
EndProject
Project("{9A19103F-16F7-4668-BE54-9A1E7A4F7556}") = "Projekt1000", "Projekt1000\Projekt1000.csproj", "{BE004EAE-1339-443C-B532-BD89926230E3}"
EndProject
Project("{9A19103F-16F7-4668-BE54-9A1E7A4F7556}") = "Projekt522", "Projekt522\Projekt522.csproj", "{A3B4F36A-E0D6-44BB-857A-C6A465E18553}"
EndProject
Project("{9A19103F-16F7-4668-BE54-9A1E7A4F7556}") = "Projekt522.Test", "Projekt522.Test\Projekt522.Test.csproj", "{21C18E49-060F-4913-9A47-5695720FCF86}"
EndProject
Global
	GlobalSection(SolutionConfigurationPlatforms) = preSolution
		Debug|x64 = Debug|x64
		Release|x64 = Release|x64
	EndGlobalSection
	GlobalSection(ProjectConfigurationPlatforms) = postSolution
		{9E7E2BA2-AA95-4219-B578-DB8C6351F367}.Debug|x64.ActiveCfg = Debug|x64
		{9E7E2BA2-AA95-4219-B578-DB8C6351F367}.Debug|x64.Build.0 = Debug|x64
		{9E7E2BA2-AA95-4219-B578-DB8C6351F367}.Release|x64.ActiveCfg = Release|x64
		{9E7E2BA2-AA95-4219-B578-DB8C6351F367}.Release|x64.Build.0 = Release|x64
		{71C35584-0189-4690-87D1-154564982EFC}.Debug|x64.ActiveCfg = Debug|x64
		{71C35584-0189-4690-87D1-154564982EFC}.Debug|x64.Build.0 = Debug|x64
		{71C35584-0189-4690-87D1-154564982EFC}.Release|x64.ActiveCfg = Release|x64
		{71C35584-0189-4690-87D1-154564982EFC}.Release|x64.Build.0 = Release|x64
		{650C9DC4-6BDB-4747-8708-C0FCFCB6A28A}.Debug|x64.ActiveCfg = Debug|x64
		{650C9DC4-6BDB-4747-8708-C0FCFCB6A28A}.Debug|x64.Build.0 = Debug|x64
		{650C9DC4-6BDB-4747-8708-C0FCFCB6A28A}.Release|x64.ActiveCfg = Release|x64
		{650C9DC4-6BDB-4747-8708-C0FCFCB6A28A}.Release|x64.Build.0 = Release|x64
		{6E6C9A31-24A5-424D-A11F-79902081EAD4}.Debug|x64.ActiveCfg = Debug|x64
		{6E6C9A31-24A5-424D-A11F-79902081EAD4}.Debug|x64.Build.0 = Debug|x64
		{6E6C9A31-24A5-424D-A11F-79902081EAD4}.Release|x64.ActiveCfg = Release|x64
		{6E6C9A31-24A5-424D-A11F-79902081EAD4}.Release|x64.Build.0 = Release|x64
		{4E61B1FF-C734-43D0-89E9-3CF0B2FA4A36}.Debug|x64.ActiveCfg = Debug|x64
		{4E61B1FF-C734-43D0-89E9-3CF0B2FA4A36}.Debug|x64.Build.0 = Debug|x64
		{4E61B1FF-C734-43D0-89E9-3CF0B2FA4A36}.Release|x64.ActiveCfg = Release|x64
		{4E61B1FF-C734-43D0-89E9-3CF0B2FA4A36}.Release|x64.Build.0 = Release|x64
		{209D741C-C260-4F90-A4E3-24AD6F0BF5AA}.Debug|x64.ActiveCfg = Debug|x64
		{209D741C-C260-4F90-A4E3-24AD6F0BF5AA}.Debug|x64.Build.0 = Debug|x64
		{209D741C-C260-4F90-A4E3-24AD6F0BF5AA}.Release|x64.ActiveCfg = Release|x64
		{209D741C-C260-4F90-A4E3-24AD6F0BF5AA}.Release|x64.Build.0 = Release|x64
		{5324A008-78F1-47BD-88E4-EC31D0153821}.Debug|x64.ActiveCfg = Debug|x64
		{5324A008-78F1-47BD-88E4-EC31D0153821}.Debug|x64.Build.0 = Debug|x64
		{5324A008-78F1-47BD-88E4-EC31D0153821}.Release|x64.ActiveCfg = Release|x64
		{5324A008-78F1-47BD-88E4-EC31D0153821}.Release|x64.Build.0 = Release|x64
		{9408D43A-EC3F-42E9-8E2D-2FB56E08D35E}.Debug|x64.ActiveCfg = Debug|x64
		{9408D43A-EC3F-42E9-8E2D-2FB56E08D35E}.Debug|x64.Build.0 = Debug|x64
		{9408D43A-EC3F-42E9-8E2D-2FB56E08D35E}.Release|x64.ActiveCfg = Release|x64
		{9408D43A-EC3F-42E9-8E2D-2FB56E08D35E}.Release|x64.Build.0 = Release|x64
		{89A3BE5D-F09F-4963-84E1-CC35F1A8A6E5}.Debug|x64.ActiveCfg = Debug|x64
		{89A3BE5D-F09F-4963-84E1-CC35F1A8A6E5}.Debug|x64.Build.0 = Debug|x64
		{89A3BE5D-F09F-4963-84E1-CC35F1A8A6E5}.Release|x64.ActiveCfg = Release|x64
		{89A3BE5D-F09F-4963-84E1-CC35F1A8A6E5}.Release|x64.Build.0 = Release|x64
		{8892D447-B2D5-436E-81C8-D976DE548C03}.Debug|x64.ActiveCfg = Debug|x64
		{8892D447-B2D5-436E-81C8-D976DE548C03}.Debug|x64.Build.0 = Debug|x64
		{8892D447-B2D5-436E-81C8-D976DE548C03}.Release|x64.ActiveCfg = Release|x64
		{8892D447-B2D5-436E-81C8-D976DE548C03}.Release|x64.Build.0 = Release|x64
		{28428030-0F07-42B9-AD49-F2908F02FDD9}.Debug|x64.ActiveCfg = Debug|x64
		{28428030-0F07-42B9-AD49-F2908F02FDD9}.Debug|x64.Build.0 = Debug|x64
		{28428030-0F07-42B9-AD49-F2908F02FDD9}.Release|x64.ActiveCfg = Release|x64
		{28428030-0F07-42B9-AD49-F2908F02FDD9}.Release|x64.Build.0 = Release|x64
		{B304F086-645F-4165-8AC3-E2200328B283}.Debug|x64.ActiveCfg = Debug|x64
		{B304F086-645F-4165-8AC3-E2200328B283}.Debug|x64.Build.0 = Debug|x64
		{B304F086-645F-4165-8AC3-E2200328B283}.Release|x64.ActiveCfg = Release|x64
		{B304F086-645F-4165-8AC3-E2200328B283}.Release|x64.Build.0 = Release|x64
		{86AB24F3-796F-46C3-883C-52CC450BE400}.Debug|x64.ActiveCfg = Debug|x64
		{86AB24F3-796F-46C3-883C-52CC450BE400}.Debug|x64.Build.0 = Debug|x64
		{86AB24F3-796F-46C3-883C-52CC450BE400}.Release|x64.ActiveCfg = Release|x64
		{86AB24F3-796F-46C3-883C-52CC450BE400}.Release|x64.Build.0 = Release|x64
		{9945EFB9-2F25-4647-9D1B-8210C8D70D14}.Debug|x64.ActiveCfg = Debug|x64
		{9945EFB9-2F25-4647-9D1B-8210C8D70D14}.Debug|x64.Build.0 = Debug|x64
		{9945EFB9-2F25-4647-9D1B-8210C8D70D14}.Release|x64.ActiveCfg = Release|x64
		{9945EFB9-2F25-4647-9D1B-8210C8D70D14}.Release|x64.Build.0 = Release|x64
		{3312FED0-FB9C-41BC-AD3F-C8D73A8C99D3}.Debug|x64.ActiveCfg = Debug|x64
		{3312FED0-FB9C-41BC-AD3F-C8D73A8C99D3}.Debug|x64.Build.0 = Debug|x64
		{3312FED0-FB9C-41BC-AD3F-C8D73A8C99D3}.Release|x64.ActiveCfg = Release|x64
		{3312FED0-FB9C-41BC-AD3F-C8D73A8C99D3}.Release|x64.Build.0 = Release|x64
		{FF8C8C6C-6DA8-444A-A525-A1CFBDCFA135}.Debug|x64.ActiveCfg = Debug|x64
		{FF8C8C6C-6DA8-444A-A525-A1CFBDCFA135}.Debug|x64.Build.0 = Debug|x64
		{FF8C8C6C-6DA8-444A-A525-A1CFBDCFA135}.Release|x64.ActiveCfg = Release|x64
		{FF8C8C6C-6DA8-444A-A525-A1CFBDCFA135}.Release|x64.Build.0 = Release|x64
		{570505DF-FFF8-48F9-91EB-F232B5C52D96}.Debug|x64.ActiveCfg = Debug|x64
		{570505DF-FFF8-48F9-91EB-F232B5C52D96}.Debug|x64.Build.0 = Debug|x64
		{570505DF-FFF8-48F9-91EB-F232B5C52D96}.Release|x64.ActiveCfg = Release|x64
		{570505DF-FFF8-48F9-91EB-F232B5C52D96}.Release|x64.Build.0 = Release|x64
		{451375E8-278C-4CDE-AF40-863D6119803C}.Debug|x64.ActiveCfg = Debug|x64
		{451375E8-278C-4CDE-AF40-863D6119803C}.Debug|x64.Build.0 = Debug|x64
		{451375E8-278C-4CDE-AF40-863D6119803C}.Release|x64.ActiveCfg = Release|x64
		{451375E8-278C-4CDE-AF40-863D6119803C}.Release|x64.Build.0 = Release|x64
		{E41025DE-2B2F-4C4D-9BDE-D99B19EB0A93}.Debug|x64.ActiveCfg = Debug|x64
		{E41025DE-2B2F-4C4D-9BDE-D99B19EB0A93}.Debug|x64.Build.0 = Debug|x64
		{E41025DE-2B2F-4C4D-9BDE-D99B19EB0A93}.Release|x64.ActiveCfg = Release|x64
		{E41025DE-2B2F-4C4D-9BDE-D99B19EB0A93}.Release|x64.Build.0 = Release|x64
		{DBD55C58-8731-434D-9457-356A57F0F659}.Debug|x64.ActiveCfg = Debug|x64
		{DBD55C58-8731-434D-9457-356A57F0F659}.Debug|x64.Build.0 = Debug|x64
		{DBD55C58-8731-434D-9457-356A57F0F659}.Release|x64.ActiveCfg = Release|x64
		{DBD55C58-8731-434D-9457-356A57F0F659}.Release|x64.Build.0 = Release|x64
		{A2D10281-D68F-4309-B7D1-5E0DD022008E}.Debug|x64.ActiveCfg = Debug|x64
		{A2D10281-D68F-4309-B7D1-5E0DD022008E}.Debug|x64.Build.0 = Debug|x64
		{A2D10281-D68F-4309-B7D1-5E0DD022008E}.Release|x64.ActiveCfg = Release|x64
		{A2D10281-D68F-4309-B7D1-5E0DD022008E}.Release|x64.Build.0 = Release|x64
		{C9CB3341-D078-4CB7-B1AB-4C1B84307A3D}.Debug|x64.ActiveCfg = Debug|x64
		{C9CB3341-D078-4CB7-B1AB-4C1B84307A3D}.Debug|x64.Build.0 = Debug|x64
		{C9CB3341-D078-4CB7-B1AB-4C1B84307A3D}.Release|x64.ActiveCfg = Release|x64
		{C9CB3341-D078-4CB7-B1AB-4C1B84307A3D}.Release|x64.Build.0 = Release|x64
		{F65D137B-B3E3-49AD-A060-80160375628F}.Debug|x64.ActiveCfg = Debug|x64
		{F65D137B-B3E3-49AD-A060-80160375628F}.Debug|x64.Build.0 = Debug|x64
		{F65D137B-B3E3-49AD-A060-80160375628F}.Release|x64.ActiveCfg = Release|x64
		{F65D137B-B3E3-49AD-A060-80160375628F}.Release|x64.Build.0 = Release|x64
		{81698519-7907-473C-B9C5-E792B6770BD7}.Debug|x64.ActiveCfg = Debug|x64
		{81698519-7907-473C-B9C5-E792B6770BD7}.Debug|x64.Build.0 = Debug|x64
		{81698519-7907-473C-B9C5-E792B6770BD7}.Release|x64.ActiveCfg = Release|x64
		{81698519-7907-473C-B9C5-E792B6770BD7}.Release|x64.Build.0 = Release|x64
		{DDC40CF6-D8BE-4AD3-81F5-06E6BAFDA5E1}.Debug|x64.ActiveCfg = Debug|x64
		{DDC40CF6-D8BE-4AD3-81F5-06E6BAFDA5E1}.Debug|x64.Build.0 = Debug|x64
		{DDC40CF6-D8BE-4AD3-81F5-06E6BAFDA5E1}.Release|x64.ActiveCfg = Release|x64
		{DDC40CF6-D8BE-4AD3-81F5-06E6BAFDA5E1}.Release|x64.Build.0 = Release|x64
		{F0877D24-2379-4AD6-B2B7-7FD04B85ABFA}.Debug|x64.ActiveCfg = Debug|x64
		{F0877D24-2379-4AD6-B2B7-7FD04B85ABFA}.Debug|x64.Build.0 = Debug|x64
		{F0877D24-2379-4AD6-B2B7-7FD04B85ABFA}.Release|x64.ActiveCfg = Release|x64
		{F0877D24-2379-4AD6-B2B7-7FD04B85ABFA}.Release|x64.Build.0 = Release|x64
		{8B52CAB5-81A4-417A-A0CA-7407943C8483}.Debug|x64.ActiveCfg = Debug|x64
		{8B52CAB5-81A4-417A-A0CA-7407943C8483}.Debug|x64.Build.0 = Debug|x64
		{8B52CAB5-81A4-417A-A0CA-7407943C8483}.Release|x64.ActiveCfg = Release|x64
		{8B52CAB5-81A4-417A-A0CA-7407943C8483}.Release|x64.Build.0 = Release|x64
		{10F14C39-4C4F-4BE1-AC15-977ACEA88096}.Debug|x64.ActiveCfg = Debug|x64
		{10F14C39-4C4F-4BE1-AC15-977ACEA88096}.Debug|x64.Build.0 = Debug|x64
		{10F14C39-4C4F-4BE1-AC15-977ACEA88096}.Release|x64.ActiveCfg = Release|x64
		{10F14C39-4C4F-4BE1-AC15-977ACEA88096}.Release|x64.Build.0 = Release|x64
		{8F58117C-A607-479A-A5C1-8C5F5E167675}.Debug|x64.ActiveCfg = Debug|x64
		{8F58117C-A607-479A-A5C1-8C5F5E167675}.Debug|x64.Build.0 = Debug|x64
		{8F58117C-A607-479A-A5C1-8C5F5E167675}.Release|x64.ActiveCfg = Release|x64
		{8F58117C-A607-479A-A5C1-8C5F5E167675}.Release|x64.Build.0 = Release|x64
		{3E60B98A-069B-415E-9043-614259E6569E}.Debug|x64.ActiveCfg = Debug|x64
		{3E60B98A-069B-415E-9043-614259E6569E}.Debug|x64.Build.0 = Debug|x64
		{3E60B98A-069B-415E-9043-614259E6569E}.Release|x64.ActiveCfg = Release|x64
		{3E60B98A-069B-415E-9043-614259E6569E}.Release|x64.Build.0 = Release|x64
		{4576F0BD-88C1-4792-9354-0D14F1BD4771}.Debug|x64.ActiveCfg = Debug|x64
		{4576F0BD-88C1-4792-9354-0D14F1BD4771}.Debug|x64.Build.0 = Debug|x64
		{4576F0BD-88C1-4792-9354-0D14F1BD4771}.Release|x64.ActiveCfg = Release|x64
		{4576F0BD-88C1-4792-9354-0D14F1BD4771}.Release|x64.Build.0 = Release|x64
		{49AC05C2-7CB8-487A-89C4-BCF6D8771061}.Debug|x64.ActiveCfg = Debug|x64
		{49AC05C2-7CB8-487A-89C4-BCF6D8771061}.Debug|x64.Build.0 = Debug|x64
		{49AC05C2-7CB8-487A-89C4-BCF6D8771061}.Release|x64.ActiveCfg = Release|x64
		{49AC05C2-7CB8-487A-89C4-BCF6D8771061}.Release|x64.Build.0 = Release|x64
		{5384E4B2-2431-47DE-98B1-4C5A564DCC6C}.Debug|x64.ActiveCfg = Debug|x64
		{5384E4B2-2431-47DE-98B1-4C5A564DCC6C}.Debug|x64.Build.0 = Debug|x64
		{5384E4B2-2431-47DE-98B1-4C5A564DCC6C}.Release|x64.ActiveCfg = Release|x64
		{5384E4B2-2431-47DE-98B1-4C5A564DCC6C}.Release|x64.Build.0 = Release|x64
		{850E3231-DB48-42DF-9873-D75F09C5272A}.Debug|x64.ActiveCfg = Debug|x64
		{850E3231-DB48-42DF-9873-D75F09C5272A}.Debug|x64.Build.0 = Debug|x64
		{850E3231-DB48-42DF-9873-D75F09C5272A}.Release|x64.ActiveCfg = Release|x64
		{850E3231-DB48-42DF-9873-D75F09C5272A}.Release|x64.Build.0 = Release|x64
		{D839B57E-3299-4FCA-BE12-A84B9C5AE452}.Debug|x64.ActiveCfg = Debug|x64
		{D839B57E-3299-4FCA-BE12-A84B9C5AE452}.Debug|x64.Build.0 = Debug|x64
		{D839B57E-3299-4FCA-BE12-A84B9C5AE452}.Release|x64.ActiveCfg = Release|x64
		{D839B57E-3299-4FCA-BE12-A84B9C5AE452}.Release|x64.Build.0 = Release|x64
		{30081138-8606-4CB9-B038-D074802A5751}.Debug|x64.ActiveCfg = Debug|x64
		{30081138-8606-4CB9-B038-D074802A5751}.Debug|x64.Build.0 = Debug|x64
		{30081138-8606-4CB9-B038-D074802A5751}.Release|x64.ActiveCfg = Release|x64
		{30081138-8606-4CB9-B038-D074802A5751}.Release|x64.Build.0 = Release|x64
		{D5747D71-FFC7-45E9-975B-BF35F8EBF60D}.Debug|x64.ActiveCfg = Debug|x64
		{D5747D71-FFC7-45E9-975B-BF35F8EBF60D}.Debug|x64.Build.0 = Debug|x64
		{D5747D71-FFC7-45E9-975B-BF35F8EBF60D}.Release|x64.ActiveCfg = Release|x64
		{D5747D71-FFC7-45E9-975B-BF35F8EBF60D}.Release|x64.Build.0 = Release|x64
		{2EA65A6D-0F7B-4183-A141-86FDA30E7EC0}.Debug|x64.ActiveCfg = Debug|x64
		{2EA65A6D-0F7B-4183-A141-86FDA30E7EC0}.Debug|x64.Build.0 = Debug|x64
		{2EA65A6D-0F7B-4183-A141-86FDA30E7EC0}.Release|x64.ActiveCfg = Release|x64
		{2EA65A6D-0F7B-4183-A141-86FDA30E7EC0}.Release|x64.Build.0 = Release|x64
		{20FACEFE-CB65-44BC-ACB1-4DBEB85B9F6D}.Debug|x64.ActiveCfg = Debug|x64
		{20FACEFE-CB65-44BC-ACB1-4DBEB85B9F6D}.Debug|x64.Build.0 = Debug|x64
		{20FACEFE-CB65-44BC-ACB1-4DBEB85B9F6D}.Release|x64.ActiveCfg = Release|x64
		{20FACEFE-CB65-44BC-ACB1-4DBEB85B9F6D}.Release|x64.Build.0 = Release|x64
		{126E41B2-EA6B-4E6E-82D4-09694CEC1BF2}.Debug|x64.ActiveCfg = Debug|x64
		{126E41B2-EA6B-4E6E-82D4-09694CEC1BF2}.Debug|x64.Build.0 = Debug|x64
		{126E41B2-EA6B-4E6E-82D4-09694CEC1BF2}.Release|x64.ActiveCfg = Release|x64
		{126E41B2-EA6B-4E6E-82D4-09694CEC1BF2}.Release|x64.Build.0 = Release|x64
		{9C57AC13-2AF0-450D-87FD-9E8896206F34}.Debug|x64.ActiveCfg = Debug|x64
		{9C57AC13-2AF0-450D-87FD-9E8896206F34}.Debug|x64.Build.0 = Debug|x64
		{9C57AC13-2AF0-450D-87FD-9E8896206F34}.Release|x64.ActiveCfg = Release|x64
		{9C57AC13-2AF0-450D-87FD-9E8896206F34}.Release|x64.Build.0 = Release|x64
		{BB0A7A4B-ABC2-4D2B-B891-64332ABA4D5E}.Debug|x64.ActiveCfg = Debug|x64
		{BB0A7A4B-ABC2-4D2B-B891-64332ABA4D5E}.Debug|x64.Build.0 = Debug|x64
		{BB0A7A4B-ABC2-4D2B-B891-64332ABA4D5E}.Release|x64.ActiveCfg = Release|x64
		{BB0A7A4B-ABC2-4D2B-B891-64332ABA4D5E}.Release|x64.Build.0 = Release|x64
		{209C607B-56DC-421F-A06D-13025FA6FB15}.Debug|x64.ActiveCfg = Debug|x64
		{209C607B-56DC-421F-A06D-13025FA6FB15}.Debug|x64.Build.0 = Debug|x64
		{209C607B-56DC-421F-A06D-13025FA6FB15}.Release|x64.ActiveCfg = Release|x64
		{209C607B-56DC-421F-A06D-13025FA6FB15}.Release|x64.Build.0 = Release|x64
		{6BACA6E9-FE12-426B-AEFA-013911E7B70F}.Debug|x64.ActiveCfg = Debug|x64
		{6BACA6E9-FE12-426B-AEFA-013911E7B70F}.Debug|x64.Build.0 = Debug|x64
		{6BACA6E9-FE12-426B-AEFA-013911E7B70F}.Release|x64.ActiveCfg = Release|x64
		{6BACA6E9-FE12-426B-AEFA-013911E7B70F}.Release|x64.Build.0 = Release|x64
		{3492BB4D-A68F-460C-B81C-288BDC76EF5E}.Debug|x64.ActiveCfg = Debug|x64
		{3492BB4D-A68F-460C-B81C-288BDC76EF5E}.Debug|x64.Build.0 = Debug|x64
		{3492BB4D-A68F-460C-B81C-288BDC76EF5E}.Release|x64.ActiveCfg = Release|x64
		{3492BB4D-A68F-460C-B81C-288BDC76EF5E}.Release|x64.Build.0 = Release|x64
		{833BB626-E50B-458C-8B99-00B36AC40E82}.Debug|x64.ActiveCfg = Debug|x64
		{833BB626-E50B-458C-8B99-00B36AC40E82}.Debug|x64.Build.0 = Debug|x64
		{833BB626-E50B-458C-8B99-00B36AC40E82}.Release|x64.ActiveCfg = Release|x64
		{833BB626-E50B-458C-8B99-00B36AC40E82}.Release|x64.Build.0 = Release|x64
		{658FFE5E-B5D4-47CB-ADAD-E3EB5311B643}.Debug|x64.ActiveCfg = Debug|x64
		{658FFE5E-B5D4-47CB-ADAD-E3EB5311B643}.Debug|x64.Build.0 = Debug|x64
		{658FFE5E-B5D4-47CB-ADAD-E3EB5311B643}.Release|x64.ActiveCfg = Release|x64
		{658FFE5E-B5D4-47CB-ADAD-E3EB5311B643}.Release|x64.Build.0 = Release|x64
		{F2A8E053-8278-47AA-B0E3-319CD58B10D8}.Debug|x64.ActiveCfg = Debug|x64
		{F2A8E053-8278-47AA-B0E3-319CD58B10D8}.Debug|x64.Build.0 = Debug|x64
		{F2A8E053-8278-47AA-B0E3-319CD58B10D8}.Release|x64.ActiveCfg = Release|x64
		{F2A8E053-8278-47AA-B0E3-319CD58B10D8}.Release|x64.Build.0 = Release|x64
		{6A10DF10-CA47-445B-91F7-8B6A6342C8FC}.Debug|x64.ActiveCfg = Debug|x64
		{6A10DF10-CA47-445B-91F7-8B6A6342C8FC}.Debug|x64.Build.0 = Debug|x64
		{6A10DF10-CA47-445B-91F7-8B6A6342C8FC}.Release|x64.ActiveCfg = Release|x64
		{6A10DF10-CA47-445B-91F7-8B6A6342C8FC}.Release|x64.Build.0 = Release|x64
		{0800E242-8F10-40C3-8BFF-8132990D2D50}.Debug|x64.ActiveCfg = Debug|x64
		{0800E242-8F10-40C3-8BFF-8132990D2D50}.Debug|x64.Build.0 = Debug|x64
		{0800E242-8F10-40C3-8BFF-8132990D2D50}.Release|x64.ActiveCfg = Release|x64
		{0800E242-8F10-40C3-8BFF-8132990D2D50}.Release|x64.Build.0 = Release|x64
		{1596209B-BC35-4B62-8DB2-3B38DE993143}.Debug|x64.ActiveCfg = Debug|x64
		{1596209B-BC35-4B62-8DB2-3B38DE993143}.Debug|x64.Build.0 = Debug|x64
		{1596209B-BC35-4B62-8DB2-3B38DE993143}.Release|x64.ActiveCfg = Release|x64
		{1596209B-BC35-4B62-8DB2-3B38DE993143}.Release|x64.Build.0 = Release|x64
		{66DCE4F1-97CE-4C63-88C8-2BA0CCD7B93C}.Debug|x64.ActiveCfg = Debug|x64
		{66DCE4F1-97CE-4C63-88C8-2BA0CCD7B93C}.Debug|x64.Build.0 = Debug|x64
		{66DCE4F1-97CE-4C63-88C8-2BA0CCD7B93C}.Release|x64.ActiveCfg = Release|x64
		{66DCE4F1-97CE-4C63-88C8-2BA0CCD7B93C}.Release|x64.Build.0 = Release|x64
		{18EA0D8F-939B-40DD-BEC4-44AE22AC96BE}.Debug|x64.ActiveCfg = Debug|x64
		{18EA0D8F-939B-40DD-BEC4-44AE22AC96BE}.Debug|x64.Build.0 = Debug|x64
		{18EA0D8F-939B-40DD-BEC4-44AE22AC96BE}.Release|x64.ActiveCfg = Release|x64
		{18EA0D8F-939B-40DD-BEC4-44AE22AC96BE}.Release|x64.Build.0 = Release|x64
		{725E50EB-5EB9-4407-A1D5-B727DE74EF81}.Debug|x64.ActiveCfg = Debug|x64
		{725E50EB-5EB9-4407-A1D5-B727DE74EF81}.Debug|x64.Build.0 = Debug|x64
		{725E50EB-5EB9-4407-A1D5-B727DE74EF81}.Release|x64.ActiveCfg = Release|x64
		{725E50EB-5EB9-4407-A1D5-B727DE74EF81}.Release|x64.Build.0 = Release|x64
		{A2890F48-9275-4768-88EF-A18A1D0F92A4}.Debug|x64.ActiveCfg = Debug|x64
		{A2890F48-9275-4768-88EF-A18A1D0F92A4}.Debug|x64.Build.0 = Debug|x64
		{A2890F48-9275-4768-88EF-A18A1D0F92A4}.Release|x64.ActiveCfg = Release|x64
		{A2890F48-9275-4768-88EF-A18A1D0F92A4}.Release|x64.Build.0 = Release|x64
		{3974642D-5C99-4540-8C5E-7F5B5E2C2842}.Debug|x64.ActiveCfg = Debug|x64
		{3974642D-5C99-4540-8C5E-7F5B5E2C2842}.Debug|x64.Build.0 = Debug|x64
		{3974642D-5C99-4540-8C5E-7F5B5E2C2842}.Release|x64.ActiveCfg = Release|x64
		{3974642D-5C99-4540-8C5E-7F5B5E2C2842}.Release|x64.Build.0 = Release|x64
		{24620280-A93F-4D3B-A3E8-B4125D9D944F}.Debug|x64.ActiveCfg = Debug|x64
		{24620280-A93F-4D3B-A3E8-B4125D9D944F}.Debug|x64.Build.0 = Debug|x64
		{24620280-A93F-4D3B-A3E8-B4125D9D944F}.Release|x64.ActiveCfg = Release|x64
		{24620280-A93F-4D3B-A3E8-B4125D9D944F}.Release|x64.Build.0 = Release|x64
		{51AD5C6B-A616-4EC6-9C0A-DBCA4EFDB694}.Debug|x64.ActiveCfg = Debug|x64
		{51AD5C6B-A616-4EC6-9C0A-DBCA4EFDB694}.Debug|x64.Build.0 = Debug|x64
		{51AD5C6B-A616-4EC6-9C0A-DBCA4EFDB694}.Release|x64.ActiveCfg = Release|x64
		{51AD5C6B-A616-4EC6-9C0A-DBCA4EFDB694}.Release|x64.Build.0 = Release|x64
		{BC40DF3F-A36A-45F7-BA04-DC400CC2CD1A}.Debug|x64.ActiveCfg = Debug|x64
		{BC40DF3F-A36A-45F7-BA04-DC400CC2CD1A}.Debug|x64.Build.0 = Debug|x64
		{BC40DF3F-A36A-45F7-BA04-DC400CC2CD1A}.Release|x64.ActiveCfg = Release|x64
		{BC40DF3F-A36A-45F7-BA04-DC400CC2CD1A}.Release|x64.Build.0 = Release|x64
		{CA77DA98-28C3-456F-BFCD-93DD0C09DC13}.Debug|x64.ActiveCfg = Debug|x64
		{CA77DA98-28C3-456F-BFCD-93DD0C09DC13}.Debug|x64.Build.0 = Debug|x64
		{CA77DA98-28C3-456F-BFCD-93DD0C09DC13}.Release|x64.ActiveCfg = Release|x64
		{CA77DA98-28C3-456F-BFCD-93DD0C09DC13}.Release|x64.Build.0 = Release|x64
		{FAB98CC7-9A4E-48F4-89FB-936849782667}.Debug|x64.ActiveCfg = Debug|x64
		{FAB98CC7-9A4E-48F4-89FB-936849782667}.Debug|x64.Build.0 = Debug|x64
		{FAB98CC7-9A4E-48F4-89FB-936849782667}.Release|x64.ActiveCfg = Release|x64
		{FAB98CC7-9A4E-48F4-89FB-936849782667}.Release|x64.Build.0 = Release|x64
		{BACAB8DA-144B-4011-BA02-910445666F6A}.Debug|x64.ActiveCfg = Debug|x64
		{BACAB8DA-144B-4011-BA02-910445666F6A}.Debug|x64.Build.0 = Debug|x64
		{BACAB8DA-144B-4011-BA02-910445666F6A}.Release|x64.ActiveCfg = Release|x64
		{BACAB8DA-144B-4011-BA02-910445666F6A}.Release|x64.Build.0 = Release|x64
		{5F343C28-42BB-4FE8-AABA-FD2F165299BD}.Debug|x64.ActiveCfg = Debug|x64
		{5F343C28-42BB-4FE8-AABA-FD2F165299BD}.Debug|x64.Build.0 = Debug|x64
		{5F343C28-42BB-4FE8-AABA-FD2F165299BD}.Release|x64.ActiveCfg = Release|x64
		{5F343C28-42BB-4FE8-AABA-FD2F165299BD}.Release|x64.Build.0 = Release|x64
		{BE004EAE-1339-443C-B532-BD89926230E3}.Debug|x64.ActiveCfg = Debug|x64
		{BE004EAE-1339-443C-B532-BD89926230E3}.Debug|x64.Build.0 = Debug|x64
		{BE004EAE-1339-443C-B532-BD89926230E3}.Release|x64.ActiveCfg = Release|x64
		{BE004EAE-1339-443C-B532-BD89926230E3}.Release|x64.Build.0 = Release|x64
		{A3B4F36A-E0D6-44BB-857A-C6A465E18553}.Debug|x64.ActiveCfg = Debug|x64
		{A3B4F36A-E0D6-44BB-857A-C6A465E18553}.Debug|x64.Build.0 = Debug|x64
		{A3B4F36A-E0D6-44BB-857A-C6A465E18553}.Release|x64.ActiveCfg = Release|x64
		{A3B4F36A-E0D6-44BB-857A-C6A465E18553}.Release|x64.Build.0 = Release|x64
		{21C18E49-060F-4913-9A47-5695720FCF86}.Debug|x64.ActiveCfg = Debug|x64
		{21C18E49-060F-4913-9A47-5695720FCF86}.Debug|x64.Build.0 = Debug|x64
		{21C18E49-060F-4913-9A47-5695720FCF86}.Release|x64.ActiveCfg = Release|x64
		{21C18E49-060F-4913-9A47-5695720FCF86}.Release|x64.Build.0 = Release|x64
	EndGlobalSection
	GlobalSection(SolutionProperties) = preSolution
		HideSolutionNode = FALSE
	EndGlobalSection
	GlobalSection(NestedProjects) = preSolution
		{9E7E2BA2-AA95-4219-B578-DB8C6351F367} = {6ADDD4F8-2C2F-4C3B-B545-AF24B808189C}
		{71C35584-0189-4690-87D1-154564982EFC} = {A9E4453D-63BA-4A1D-BF7C-BAD3D8B20F58}
		{650C9DC4-6BDB-4747-8708-C0FCFCB6A28A} = {A9E4453D-63BA-4A1D-BF7C-BAD3D8B20F58}
		{6E6C9A31-24A5-424D-A11F-79902081EAD4} = {03FCF7E2-790B-4D00-AD32-7C81766ADA9A}
		{4E61B1FF-C734-43D0-89E9-3CF0B2FA4A36} = {A27F3A78-765A-4764-919B-F4866862CAA3}
		{209D741C-C260-4F90-A4E3-24AD6F0BF5AA} = {03FCF7E2-790B-4D00-AD32-7C81766ADA9A}
		{5324A008-78F1-47BD-88E4-EC31D0153821} = {03FCF7E2-790B-4D00-AD32-7C81766ADA9A}
		{9408D43A-EC3F-42E9-8E2D-2FB56E08D35E} = {03FCF7E2-790B-4D00-AD32-7C81766ADA9A}
		{89A3BE5D-F09F-4963-84E1-CC35F1A8A6E5} = {A9E4453D-63BA-4A1D-BF7C-BAD3D8B20F58}
		{8892D447-B2D5-436E-81C8-D976DE548C03} = {A9E4453D-63BA-4A1D-BF7C-BAD3D8B20F58}
		{28428030-0F07-42B9-AD49-F2908F02FDD9} = {A9E4453D-63BA-4A1D-BF7C-BAD3D8B20F58}
		{B304F086-645F-4165-8AC3-E2200328B283} = {A9E4453D-63BA-4A1D-BF7C-BAD3D8B20F58}
		{86AB24F3-796F-46C3-883C-52CC450BE400} = {A9E4453D-63BA-4A1D-BF7C-BAD3D8B20F58}
		{9945EFB9-2F25-4647-9D1B-8210C8D70D14} = {A9E4453D-63BA-4A1D-BF7C-BAD3D8B20F58}
		{3312FED0-FB9C-41BC-AD3F-C8D73A8C99D3} = {A9E4453D-63BA-4A1D-BF7C-BAD3D8B20F58}
		{FF8C8C6C-6DA8-444A-A525-A1CFBDCFA135} = {A9E4453D-63BA-4A1D-BF7C-BAD3D8B20F58}
		{570505DF-FFF8-48F9-91EB-F232B5C52D96} = {A9E4453D-63BA-4A1D-BF7C-BAD3D8B20F58}
		{451375E8-278C-4CDE-AF40-863D6119803C} = {A9E4453D-63BA-4A1D-BF7C-BAD3D8B20F58}
		{E41025DE-2B2F-4C4D-9BDE-D99B19EB0A93} = {A9E4453D-63BA-4A1D-BF7C-BAD3D8B20F58}
		{DBD55C58-8731-434D-9457-356A57F0F659} = {A9E4453D-63BA-4A1D-BF7C-BAD3D8B20F58}
		{A2D10281-D68F-4309-B7D1-5E0DD022008E} = {A9E4453D-63BA-4A1D-BF7C-BAD3D8B20F58}
		{C9CB3341-D078-4CB7-B1AB-4C1B84307A3D} = {A9E4453D-63BA-4A1D-BF7C-BAD3D8B20F58}
		{F65D137B-B3E3-49AD-A060-80160375628F} = {A9E4453D-63BA-4A1D-BF7C-BAD3D8B20F58}
		{81698519-7907-473C-B9C5-E792B6770BD7} = {A9E4453D-63BA-4A1D-BF7C-BAD3D8B20F58}
		{DDC40CF6-D8BE-4AD3-81F5-06E6BAFDA5E1} = {A9E4453D-63BA-4A1D-BF7C-BAD3D8B20F58}
		{F0877D24-2379-4AD6-B2B7-7FD04B85ABFA} = {A9E4453D-63BA-4A1D-BF7C-BAD3D8B20F58}
		{8B52CAB5-81A4-417A-A0CA-7407943C8483} = {A9E4453D-63BA-4A1D-BF7C-BAD3D8B20F58}
		{10F14C39-4C4F-4BE1-AC15-977ACEA88096} = {03FCF7E2-790B-4D00-AD32-7C81766ADA9A}
		{8F58117C-A607-479A-A5C1-8C5F5E167675} = {03FCF7E2-790B-4D00-AD32-7C81766ADA9A}
		{3E60B98A-069B-415E-9043-614259E6569E} = {03FCF7E2-790B-4D00-AD32-7C81766ADA9A}
		{4576F0BD-88C1-4792-9354-0D14F1BD4771} = {03FCF7E2-790B-4D00-AD32-7C81766ADA9A}
		{49AC05C2-7CB8-487A-89C4-BCF6D8771061} = {A9E4453D-63BA-4A1D-BF7C-BAD3D8B20F58}
		{5384E4B2-2431-47DE-98B1-4C5A564DCC6C} = {A9E4453D-63BA-4A1D-BF7C-BAD3D8B20F58}
		{850E3231-DB48-42DF-9873-D75F09C5272A} = {A9E4453D-63BA-4A1D-BF7C-BAD3D8B20F58}
		{D839B57E-3299-4FCA-BE12-A84B9C5AE452} = {A9E4453D-63BA-4A1D-BF7C-BAD3D8B20F58}
		{30081138-8606-4CB9-B038-D074802A5751} = {A9E4453D-63BA-4A1D-BF7C-BAD3D8B20F58}
		{D5747D71-FFC7-45E9-975B-BF35F8EBF60D} = {A9E4453D-63BA-4A1D-BF7C-BAD3D8B20F58}
		{2EA65A6D-0F7B-4183-A141-86FDA30E7EC0} = {A9E4453D-63BA-4A1D-BF7C-BAD3D8B20F58}
		{20FACEFE-CB65-44BC-ACB1-4DBEB85B9F6D} = {A9E4453D-63BA-4A1D-BF7C-BAD3D8B20F58}
		{126E41B2-EA6B-4E6E-82D4-09694CEC1BF2} = {A9E4453D-63BA-4A1D-BF7C-BAD3D8B20F58}
		{9C57AC13-2AF0-450D-87FD-9E8896206F34} = {A9E4453D-63BA-4A1D-BF7C-BAD3D8B20F58}
		{BB0A7A4B-ABC2-4D2B-B891-64332ABA4D5E} = {A9E4453D-63BA-4A1D-BF7C-BAD3D8B20F58}
		{209C607B-56DC-421F-A06D-13025FA6FB15} = {A9E4453D-63BA-4A1D-BF7C-BAD3D8B20F58}
		{6BACA6E9-FE12-426B-AEFA-013911E7B70F} = {A9E4453D-63BA-4A1D-BF7C-BAD3D8B20F58}
		{3492BB4D-A68F-460C-B81C-288BDC76EF5E} = {A9E4453D-63BA-4A1D-BF7C-BAD3D8B20F58}
		{833BB626-E50B-458C-8B99-00B36AC40E82} = {A9E4453D-63BA-4A1D-BF7C-BAD3D8B20F58}
		{658FFE5E-B5D4-47CB-ADAD-E3EB5311B643} = {A9E4453D-63BA-4A1D-BF7C-BAD3D8B20F58}
		{F2A8E053-8278-47AA-B0E3-319CD58B10D8} = {03FCF7E2-790B-4D00-AD32-7C81766ADA9A}
		{6A10DF10-CA47-445B-91F7-8B6A6342C8FC} = {03FCF7E2-790B-4D00-AD32-7C81766ADA9A}
		{A27F3A78-765A-4764-919B-F4866862CAA3} = {03FCF7E2-790B-4D00-AD32-7C81766ADA9A}
		{0800E242-8F10-40C3-8BFF-8132990D2D50} = {A9E4453D-63BA-4A1D-BF7C-BAD3D8B20F58}
		{1596209B-BC35-4B62-8DB2-3B38DE993143} = {A9E4453D-63BA-4A1D-BF7C-BAD3D8B20F58}
		{66DCE4F1-97CE-4C63-88C8-2BA0CCD7B93C} = {A9E4453D-63BA-4A1D-BF7C-BAD3D8B20F58}
		{18EA0D8F-939B-40DD-BEC4-44AE22AC96BE} = {A9E4453D-63BA-4A1D-BF7C-BAD3D8B20F58}
		{725E50EB-5EB9-4407-A1D5-B727DE74EF81} = {A9E4453D-63BA-4A1D-BF7C-BAD3D8B20F58}
		{A2890F48-9275-4768-88EF-A18A1D0F92A4} = {A9E4453D-63BA-4A1D-BF7C-BAD3D8B20F58}
		{3974642D-5C99-4540-8C5E-7F5B5E2C2842} = {A9E4453D-63BA-4A1D-BF7C-BAD3D8B20F58}
		{24620280-A93F-4D3B-A3E8-B4125D9D944F} = {A9E4453D-63BA-4A1D-BF7C-BAD3D8B20F58}
		{51AD5C6B-A616-4EC6-9C0A-DBCA4EFDB694} = {A9E4453D-63BA-4A1D-BF7C-BAD3D8B20F58}
		{BC40DF3F-A36A-45F7-BA04-DC400CC2CD1A} = {A9E4453D-63BA-4A1D-BF7C-BAD3D8B20F58}
		{CA77DA98-28C3-456F-BFCD-93DD0C09DC13} = {03FCF7E2-790B-4D00-AD32-7C81766ADA9A}
		{FAB98CC7-9A4E-48F4-89FB-936849782667} = {03FCF7E2-790B-4D00-AD32-7C81766ADA9A}
		{BACAB8DA-144B-4011-BA02-910445666F6A} = {03FCF7E2-790B-4D00-AD32-7C81766ADA9A}
		{5F343C28-42BB-4FE8-AABA-FD2F165299BD} = {03FCF7E2-790B-4D00-AD32-7C81766ADA9A}
		{BE004EAE-1339-443C-B532-BD89926230E3} = {F6ED0D1C-D88F-4CB8-97DD-CDC4A0CD4FAE}
		{A3B4F36A-E0D6-44BB-857A-C6A465E18553} = {03FCF7E2-790B-4D00-AD32-7C81766ADA9A}
		{21C18E49-060F-4913-9A47-5695720FCF86} = {03FCF7E2-790B-4D00-AD32-7C81766ADA9A}
	EndGlobalSection
	GlobalSection(ExtensibilityGlobals) = postSolution
		SolutionGuid = {58C5E208-4D2F-42C8-874C-008493B46DC3}
	EndGlobalSection
EndGlobal
